
Microsoft Visual Studio Solution File, Format Version 12.00
# Visual Studio Version 17
VisualStudioVersion = 17.5.002.0
MinimumVisualStudioVersion = 10.0.40219.1
Project("{9A19103F-16F7-4668-BE54-9A1E7A4F7556}") = "TestePratico", "TestePratico\TestePratico.csproj", "{881BC36E-8A66-4F31-A5F9-6C895B73EB8E}"
EndProject
Global
	GlobalSection(SolutionConfigurationPlatforms) = preSolution
		Debug|Any CPU = Debug|Any CPU
		Release|Any CPU = Release|Any CPU
	EndGlobalSection
	GlobalSection(ProjectConfigurationPlatforms) = postSolution
		{881BC36E-8A66-4F31-A5F9-6C895B73EB8E}.Debug|Any CPU.ActiveCfg = Debug|Any CPU
		{881BC36E-8A66-4F31-A5F9-6C895B73EB8E}.Debug|Any CPU.Build.0 = Debug|Any CPU
		{881BC36E-8A66-4F31-A5F9-6C895B73EB8E}.Release|Any CPU.ActiveCfg = Release|Any CPU
		{881BC36E-8A66-4F31-A5F9-6C895B73EB8E}.Release|Any CPU.Build.0 = Release|Any CPU
	EndGlobalSection
	GlobalSection(SolutionProperties) = preSolution
		HideSolutionNode = FALSE
	EndGlobalSection
	GlobalSection(ExtensibilityGlobals) = postSolution
		SolutionGuid = {C05148BA-34DE-4761-87EF-1B984633E838}
	EndGlobalSection
EndGlobal
